{
    "name": "youtubecrawler",
    "version": "1.0.0",
    "lockfileVersion": 1,
    "requires": true,
    "dependencies": {
        "@types/geojson": {
            "version": "7946.0.7",
            "resolved": "https://registry.npmjs.org/@types/geojson/-/geojson-7946.0.7.tgz",
            "integrity": "sha512-wE2v81i4C4Ol09RtsWFAqg3BUitWbHSpSlIo+bNdsCJijO9sjme+zm+73ZMCa/qMC8UEERxzGbvmr1cffo2SiQ=="
        },
        "@types/node": {
            "version": "12.12.9",
            "resolved": "https://registry.npmjs.org/@types/node/-/node-12.12.9.tgz",
            "integrity": "sha512-kV3w4KeLsRBW+O2rKhktBwENNJuqAUQHS3kf4ia2wIaF/MN6U7ANgTsx7tGremcA0Pk3Yh0Hl0iKiLPuBdIgmw==",
            "dev": true
        },
        "@types/node-fetch": {
            "version": "2.5.5",
            "resolved": "https://registry.npmjs.org/@types/node-fetch/-/node-fetch-2.5.5.tgz",
            "integrity": "sha512-IWwjsyYjGw+em3xTvWVQi5MgYKbRs0du57klfTaZkv/B24AEQ/p/IopNeqIYNy3EsfHOpg8ieQSDomPcsYMHpA==",
            "dev": true,
            "requires": {
                "@types/node": "*",
                "form-data": "^3.0.0"
            }
        },
        "asynckit": {
            "version": "0.4.0",
            "resolved": "https://registry.npmjs.org/asynckit/-/asynckit-0.4.0.tgz",
            "integrity": "sha1-x57Zf380y48robyXkLzDZkdLS3k=",
            "dev": true
        },
        "camelcase": {
            "version": "5.3.1",
            "resolved": "https://registry.npmjs.org/camelcase/-/camelcase-5.3.1.tgz",
            "integrity": "sha512-L28STB170nwWS63UjtlEOE3dldQApaJXZkOI1uMFfzf3rRuPegHaHesyee+YxQ+W6SvRDQV6UrdOdRiR153wJg=="
        },
        "camelcase-keys": {
            "version": "6.1.2",
            "resolved": "https://registry.npmjs.org/camelcase-keys/-/camelcase-keys-6.1.2.tgz",
            "integrity": "sha512-QfFrU0CIw2oltVvpndW32kuJ/9YOJwUnmWrjlXt1nnJZHCaS9i6bfOpg9R4Lw8aZjStkJWM+jc0cdXjWBgVJSw==",
            "requires": {
                "camelcase": "^5.3.1",
                "map-obj": "^4.0.0",
                "quick-lru": "^4.0.1"
            }
        },
        "combined-stream": {
            "version": "1.0.8",
            "resolved": "https://registry.npmjs.org/combined-stream/-/combined-stream-1.0.8.tgz",
            "integrity": "sha512-FQN4MRfuJeHf7cBbBMJFXhKSDq+2kAArBlmRBvcvFE5BB1HZKXtSFASDhdlz9zOYwxh8lDdnvmMOe/+5cdoEdg==",
            "dev": true,
            "requires": {
                "delayed-stream": "~1.0.0"
            }
        },
        "delayed-stream": {
            "version": "1.0.0",
            "resolved": "https://registry.npmjs.org/delayed-stream/-/delayed-stream-1.0.0.tgz",
            "integrity": "sha1-3zrhmayt+31ECqrgsp4icrJOxhk=",
            "dev": true
        },
        "denque": {
            "version": "1.4.1",
            "resolved": "https://registry.npmjs.org/denque/-/denque-1.4.1.tgz",
            "integrity": "sha512-OfzPuSZKGcgr96rf1oODnfjqBFmr1DVoc/TrItj3Ohe0Ah1C5WX5Baquw/9U9KovnQ88EqmJbD66rKYUQYN1tQ=="
        },
        "form-data": {
            "version": "3.0.0",
            "resolved": "https://registry.npmjs.org/form-data/-/form-data-3.0.0.tgz",
            "integrity": "sha512-CKMFDglpbMi6PyN+brwB9Q/GOw0eAnsrEZDgcsH5Krhz5Od/haKHAX0NmQfha2zPPz0JpWzA7GJHGSnvCRLWsg==",
            "dev": true,
            "requires": {
                "asynckit": "^0.4.0",
                "combined-stream": "^1.0.8",
                "mime-types": "^2.1.12"
            }
        },
        "iconv-lite": {
            "version": "0.5.1",
            "resolved": "https://registry.npmjs.org/iconv-lite/-/iconv-lite-0.5.1.tgz",
            "integrity": "sha512-ONHr16SQvKZNSqjQT9gy5z24Jw+uqfO02/ngBSBoqChZ+W8qXX7GPRa1RoUnzGADw8K63R1BXUMzarCVQBpY8Q==",
            "requires": {
                "safer-buffer": ">= 2.1.2 < 3"
            }
        },
        "long": {
            "version": "4.0.0",
            "resolved": "https://registry.npmjs.org/long/-/long-4.0.0.tgz",
            "integrity": "sha512-XsP+KhQif4bjX1kbuSiySJFNAehNxgLb6hPRGJ9QsUr8ajHkuXGdrHmFUTUUXhDwVX2R5bY4JNZEwbUiMhV+MA=="
        },
        "map-obj": {
            "version": "4.1.0",
            "resolved": "https://registry.npmjs.org/map-obj/-/map-obj-4.1.0.tgz",
            "integrity": "sha512-glc9y00wgtwcDmp7GaE/0b0OnxpNJsVf3ael/An6Fe2Q51LLwN1er6sdomLRzz5h0+yMpiYLhWYF5R7HeqVd4g=="
        },
        "mariadb": {
            "version": "2.2.0",
            "resolved": "https://registry.npmjs.org/mariadb/-/mariadb-2.2.0.tgz",
            "integrity": "sha512-YXPF11u4NVgm3FLetJoAbq9Fb0a/RSwNrDHdmAqpqgYErWAOes/IVbOfvWPWZQ0hI88j/81f15AGJZAVuR3bGg==",
            "requires": {
                "@types/geojson": "^7946.0.7",
                "@types/node": ">=8.0.0",
                "denque": "^1.4.1",
                "iconv-lite": "^0.5.1",
                "long": "^4.0.0",
                "moment-timezone": "^0.5.27"
            },
            "dependencies": {
                "@types/node": {
                    "version": "13.7.4",
                    "resolved": "https://registry.npmjs.org/@types/node/-/node-13.7.4.tgz",
                    "integrity": "sha512-oVeL12C6gQS/GAExndigSaLxTrKpQPxewx9bOcwfvJiJge4rr7wNaph4J+ns5hrmIV2as5qxqN8YKthn9qh0jw=="
                }
            }
        },
        "mime-db": {
            "version": "1.43.0",
            "resolved": "https://registry.npmjs.org/mime-db/-/mime-db-1.43.0.tgz",
            "integrity": "sha512-+5dsGEEovYbT8UY9yD7eE4XTc4UwJ1jBYlgaQQF38ENsKR3wj/8q8RFZrF9WIZpB2V1ArTVFUva8sAul1NzRzQ==",
            "dev": true
        },
        "mime-types": {
            "version": "2.1.26",
            "resolved": "https://registry.npmjs.org/mime-types/-/mime-types-2.1.26.tgz",
            "integrity": "sha512-01paPWYgLrkqAyrlDorC1uDwl2p3qZT7yl806vW7DvDoxwXi46jsjFbg+WdwotBIk6/MbEhO/dh5aZ5sNj/dWQ==",
            "dev": true,
            "requires": {
                "mime-db": "1.43.0"
            }
        },
        "moment": {
            "version": "2.24.0",
            "resolved": "https://registry.npmjs.org/moment/-/moment-2.24.0.tgz",
            "integrity": "sha512-bV7f+6l2QigeBBZSM/6yTNq4P2fNpSWj/0e7jQcy87A8e7o2nAfP/34/2ky5Vw4B9S446EtIhodAzkFCcR4dQg=="
        },
        "moment-timezone": {
            "version": "0.5.28",
            "resolved": "https://registry.npmjs.org/moment-timezone/-/moment-timezone-0.5.28.tgz",
            "integrity": "sha512-TDJkZvAyKIVWg5EtVqRzU97w0Rb0YVbfpqyjgu6GwXCAohVRqwZjf4fOzDE6p1Ch98Sro/8hQQi65WDXW5STPw==",
            "requires": {
                "moment": ">= 2.9.0"
            }
        },
        "node-fetch": {
            "version": "2.6.1",
            "resolved": "https://registry.npmjs.org/node-fetch/-/node-fetch-2.6.1.tgz",
            "integrity": "sha512-V4aYg89jEoVRxRb2fJdAg8FHvI7cEyYdVAh94HH0UIK8oJxUfkjlDQN9RbMx+bEjP7+ggMiFRprSti032Oipxw=="
        },
        "quick-lru": {
            "version": "4.0.1",
            "resolved": "https://registry.npmjs.org/quick-lru/-/quick-lru-4.0.1.tgz",
            "integrity": "sha512-ARhCpm70fzdcvNQfPoy49IaanKkTlRWF2JMzqhcJbhSFRZv7nPTvZJdcY7301IPmvW+/p0RgIWnQDLJxifsQ7g=="
        },
        "rxjs": {
            "version": "6.5.4",
            "resolved": "https://registry.npmjs.org/rxjs/-/rxjs-6.5.4.tgz",
            "integrity": "sha512-naMQXcgEo3csAEGvw/NydRA0fuS2nDZJiw1YUWFKU7aPPAPGZEsD4Iimit96qwCieH6y614MCLYwdkrWx7z/7Q==",
            "requires": {
                "tslib": "^1.9.0"
            }
        },
        "safer-buffer": {
            "version": "2.1.2",
            "resolved": "https://registry.npmjs.org/safer-buffer/-/safer-buffer-2.1.2.tgz",
            "integrity": "sha512-YZo3K82SD7Riyi0E1EQPojLz7kpepnSQI9IyPbHHg1XXXevb5dJI7tpyN2ADxGcQbHG7vcyRHk0cbwqcQriUtg=="
        },
        "tslib": {
            "version": "1.11.1",
            "resolved": "https://registry.npmjs.org/tslib/-/tslib-1.11.1.tgz",
            "integrity": "sha512-aZW88SY8kQbU7gpV19lN24LtXh/yD4ZZg6qieAJDDg+YBsJcSmLGK9QpnUjAKVG/xefmvJGd1WUmfpT/g6AJGA=="
        }
    }
}
